Microsoft Visual Studio Solution File, Format Version 11.00
# Visual Studio 2010
Project("{8BC9CEB8-8B4A-11D0-8D11-00A0C91BC942}") = "ALL_BUILD", "ALL_BUILD.vcxproj", "{EE8BF189-31ED-4D7B-8AFE-4637289E52FC}"
	ProjectSection(ProjectDependencies) = postProject
		{5A1EE51E-810C-4264-86A6-D9B2BFAA254B} = {5A1EE51E-810C-4264-86A6-D9B2BFAA254B}
		{8E414949-ED8C-4EA9-A4E6-5CBBB7B170CB} = {8E414949-ED8C-4EA9-A4E6-5CBBB7B170CB}
		{4A95CF5E-B087-40B0-859B-C65DAF9B1DFA} = {4A95CF5E-B087-40B0-859B-C65DAF9B1DFA}
		{AADB198F-2A4E-40F4-BD47-22CD1A4162D7} = {AADB198F-2A4E-40F4-BD47-22CD1A4162D7}
		{455E24B2-A953-4928-AFDD-3678871B8F58} = {455E24B2-A953-4928-AFDD-3678871B8F58}
		{83CC78D8-85AD-47A8-ACB2-C05E4EA6D5B4} = {83CC78D8-85AD-47A8-ACB2-C05E4EA6D5B4}
	EndProjectSection
EndProject
Project("{8BC9CEB8-8B4A-11D0-8D11-00A0C91BC942}") = "Particles", "Particles\Particles.vcxproj", "{5A1EE51E-810C-4264-86A6-D9B2BFAA254B}"
	ProjectSection(ProjectDependencies) = postProject
		{455E24B2-A953-4928-AFDD-3678871B8F58} = {455E24B2-A953-4928-AFDD-3678871B8F58}
	EndProjectSection
EndProject
Project("{8BC9CEB8-8B4A-11D0-8D11-00A0C91BC942}") = "Surface", "Surface\Surface.vcxproj", "{4A95CF5E-B087-40B0-859B-C65DAF9B1DFA}"
	ProjectSection(ProjectDependencies) = postProject
		{455E24B2-A953-4928-AFDD-3678871B8F58} = {455E24B2-A953-4928-AFDD-3678871B8F58}
	EndProjectSection
EndProject
Project("{8BC9CEB8-8B4A-11D0-8D11-00A0C91BC942}") = "ZERO_CHECK", "ZERO_CHECK.vcxproj", "{455E24B2-A953-4928-AFDD-3678871B8F58}"
EndProject
Project("{8BC9CEB8-8B4A-11D0-8D11-00A0C91BC942}") = "gm", "libgm\gm.vcxproj", "{83CC78D8-85AD-47A8-ACB2-C05E4EA6D5B4}"
	ProjectSection(ProjectDependencies) = postProject
		{455E24B2-A953-4928-AFDD-3678871B8F58} = {455E24B2-A953-4928-AFDD-3678871B8F58}
	EndProjectSection
EndProject
Project("{8BC9CEB8-8B4A-11D0-8D11-00A0C91BC942}") = "ism", "ism\ism.vcxproj", "{AADB198F-2A4E-40F4-BD47-22CD1A4162D7}"
	ProjectSection(ProjectDependencies) = postProject
		{455E24B2-A953-4928-AFDD-3678871B8F58} = {455E24B2-A953-4928-AFDD-3678871B8F58}
	EndProjectSection
EndProject
Project("{8BC9CEB8-8B4A-11D0-8D11-00A0C91BC942}") = "test_interval", "tests\test_interval.vcxproj", "{8E414949-ED8C-4EA9-A4E6-5CBBB7B170CB}"
	ProjectSection(ProjectDependencies) = postProject
		{4A95CF5E-B087-40B0-859B-C65DAF9B1DFA} = {4A95CF5E-B087-40B0-859B-C65DAF9B1DFA}
		{AADB198F-2A4E-40F4-BD47-22CD1A4162D7} = {AADB198F-2A4E-40F4-BD47-22CD1A4162D7}
		{455E24B2-A953-4928-AFDD-3678871B8F58} = {455E24B2-A953-4928-AFDD-3678871B8F58}
		{83CC78D8-85AD-47A8-ACB2-C05E4EA6D5B4} = {83CC78D8-85AD-47A8-ACB2-C05E4EA6D5B4}
	EndProjectSection
EndProject
Project("{8BC9CEB8-8B4A-11D0-8D11-00A0C91BC942}") = "wxModeler", "wxModeler\wxModeler.vcxproj", "{23505322-B031-4E56-AB51-BB322C9A7AB3}"
	ProjectSection(ProjectDependencies) = postProject
		{5A1EE51E-810C-4264-86A6-D9B2BFAA254B} = {5A1EE51E-810C-4264-86A6-D9B2BFAA254B}
		{4A95CF5E-B087-40B0-859B-C65DAF9B1DFA} = {4A95CF5E-B087-40B0-859B-C65DAF9B1DFA}
		{AADB198F-2A4E-40F4-BD47-22CD1A4162D7} = {AADB198F-2A4E-40F4-BD47-22CD1A4162D7}
		{455E24B2-A953-4928-AFDD-3678871B8F58} = {455E24B2-A953-4928-AFDD-3678871B8F58}
		{83CC78D8-85AD-47A8-ACB2-C05E4EA6D5B4} = {83CC78D8-85AD-47A8-ACB2-C05E4EA6D5B4}
	EndProjectSection
EndProject
Project("{8BC9CEB8-8B4A-11D0-8D11-00A0C91BC942}") = "GlutModeler", "GlutModeler\GlutModeler.vcxproj.vcxproj", "{076D17A4-E3ED-46B0-9E40-28F05871447D}"
	ProjectSection(ProjectDependencies) = postProject
		{5A1EE51E-810C-4264-86A6-D9B2BFAA254B} = {5A1EE51E-810C-4264-86A6-D9B2BFAA254B}
		{4A95CF5E-B087-40B0-859B-C65DAF9B1DFA} = {4A95CF5E-B087-40B0-859B-C65DAF9B1DFA}
		{AADB198F-2A4E-40F4-BD47-22CD1A4162D7} = {AADB198F-2A4E-40F4-BD47-22CD1A4162D7}
		{455E24B2-A953-4928-AFDD-3678871B8F58} = {455E24B2-A953-4928-AFDD-3678871B8F58}
		{83CC78D8-85AD-47A8-ACB2-C05E4EA6D5B4} = {83CC78D8-85AD-47A8-ACB2-C05E4EA6D5B4}
	EndProjectSection
EndProject
Global
	GlobalSection(SolutionConfigurationPlatforms) = preSolution
		Debug|Win32 = Debug|Win32
		MinSizeRel|Win32 = MinSizeRel|Win32
		Release|Win32 = Release|Win32
		RelWithDebInfo|Win32 = RelWithDebInfo|Win32
	EndGlobalSection
	GlobalSection(ProjectConfigurationPlatforms) = postSolution
		{EE8BF189-31ED-4D7B-8AFE-4637289E52FC}.Debug|Win32.ActiveCfg = Debug|Win32
		{EE8BF189-31ED-4D7B-8AFE-4637289E52FC}.MinSizeRel|Win32.ActiveCfg = MinSizeRel|Win32
		{EE8BF189-31ED-4D7B-8AFE-4637289E52FC}.Release|Win32.ActiveCfg = Release|Win32
		{EE8BF189-31ED-4D7B-8AFE-4637289E52FC}.RelWithDebInfo|Win32.ActiveCfg = RelWithDebInfo|Win32
		{5A1EE51E-810C-4264-86A6-D9B2BFAA254B}.Debug|Win32.ActiveCfg = Debug|Win32
		{5A1EE51E-810C-4264-86A6-D9B2BFAA254B}.Debug|Win32.Build.0 = Debug|Win32
		{5A1EE51E-810C-4264-86A6-D9B2BFAA254B}.MinSizeRel|Win32.ActiveCfg = MinSizeRel|Win32
		{5A1EE51E-810C-4264-86A6-D9B2BFAA254B}.MinSizeRel|Win32.Build.0 = MinSizeRel|Win32
		{5A1EE51E-810C-4264-86A6-D9B2BFAA254B}.Release|Win32.ActiveCfg = Release|Win32
		{5A1EE51E-810C-4264-86A6-D9B2BFAA254B}.Release|Win32.Build.0 = Release|Win32
		{5A1EE51E-810C-4264-86A6-D9B2BFAA254B}.RelWithDebInfo|Win32.ActiveCfg = RelWithDebInfo|Win32
		{5A1EE51E-810C-4264-86A6-D9B2BFAA254B}.RelWithDebInfo|Win32.Build.0 = RelWithDebInfo|Win32
		{4A95CF5E-B087-40B0-859B-C65DAF9B1DFA}.Debug|Win32.ActiveCfg = Debug|Win32
		{4A95CF5E-B087-40B0-859B-C65DAF9B1DFA}.Debug|Win32.Build.0 = Debug|Win32
		{4A95CF5E-B087-40B0-859B-C65DAF9B1DFA}.MinSizeRel|Win32.ActiveCfg = MinSizeRel|Win32
		{4A95CF5E-B087-40B0-859B-C65DAF9B1DFA}.MinSizeRel|Win32.Build.0 = MinSizeRel|Win32
		{4A95CF5E-B087-40B0-859B-C65DAF9B1DFA}.Release|Win32.ActiveCfg = Release|Win32
		{4A95CF5E-B087-40B0-859B-C65DAF9B1DFA}.Release|Win32.Build.0 = Release|Win32
		{4A95CF5E-B087-40B0-859B-C65DAF9B1DFA}.RelWithDebInfo|Win32.ActiveCfg = RelWithDebInfo|Win32
		{4A95CF5E-B087-40B0-859B-C65DAF9B1DFA}.RelWithDebInfo|Win32.Build.0 = RelWithDebInfo|Win32
		{455E24B2-A953-4928-AFDD-3678871B8F58}.Debug|Win32.ActiveCfg = Debug|Win32
		{455E24B2-A953-4928-AFDD-3678871B8F58}.Debug|Win32.Build.0 = Debug|Win32
		{455E24B2-A953-4928-AFDD-3678871B8F58}.MinSizeRel|Win32.ActiveCfg = MinSizeRel|Win32
		{455E24B2-A953-4928-AFDD-3678871B8F58}.MinSizeRel|Win32.Build.0 = MinSizeRel|Win32
		{455E24B2-A953-4928-AFDD-3678871B8F58}.Release|Win32.ActiveCfg = Release|Win32
		{455E24B2-A953-4928-AFDD-3678871B8F58}.Release|Win32.Build.0 = Release|Win32
		{455E24B2-A953-4928-AFDD-3678871B8F58}.RelWithDebInfo|Win32.ActiveCfg = RelWithDebInfo|Win32
		{455E24B2-A953-4928-AFDD-3678871B8F58}.RelWithDebInfo|Win32.Build.0 = RelWithDebInfo|Win32
		{83CC78D8-85AD-47A8-ACB2-C05E4EA6D5B4}.Debug|Win32.ActiveCfg = Debug|Win32
		{83CC78D8-85AD-47A8-ACB2-C05E4EA6D5B4}.Debug|Win32.Build.0 = Debug|Win32
		{83CC78D8-85AD-47A8-ACB2-C05E4EA6D5B4}.MinSizeRel|Win32.ActiveCfg = MinSizeRel|Win32
		{83CC78D8-85AD-47A8-ACB2-C05E4EA6D5B4}.MinSizeRel|Win32.Build.0 = MinSizeRel|Win32
		{83CC78D8-85AD-47A8-ACB2-C05E4EA6D5B4}.Release|Win32.ActiveCfg = Release|Win32
		{83CC78D8-85AD-47A8-ACB2-C05E4EA6D5B4}.Release|Win32.Build.0 = Release|Win32
		{83CC78D8-85AD-47A8-ACB2-C05E4EA6D5B4}.RelWithDebInfo|Win32.ActiveCfg = RelWithDebInfo|Win32
		{83CC78D8-85AD-47A8-ACB2-C05E4EA6D5B4}.RelWithDebInfo|Win32.Build.0 = RelWithDebInfo|Win32
		{AADB198F-2A4E-40F4-BD47-22CD1A4162D7}.Debug|Win32.ActiveCfg = Debug|Win32
		{AADB198F-2A4E-40F4-BD47-22CD1A4162D7}.Debug|Win32.Build.0 = Debug|Win32
		{AADB198F-2A4E-40F4-BD47-22CD1A4162D7}.MinSizeRel|Win32.ActiveCfg = MinSizeRel|Win32
		{AADB198F-2A4E-40F4-BD47-22CD1A4162D7}.MinSizeRel|Win32.Build.0 = MinSizeRel|Win32
		{AADB198F-2A4E-40F4-BD47-22CD1A4162D7}.Release|Win32.ActiveCfg = Release|Win32
		{AADB198F-2A4E-40F4-BD47-22CD1A4162D7}.Release|Win32.Build.0 = Release|Win32
		{AADB198F-2A4E-40F4-BD47-22CD1A4162D7}.RelWithDebInfo|Win32.ActiveCfg = RelWithDebInfo|Win32
		{AADB198F-2A4E-40F4-BD47-22CD1A4162D7}.RelWithDebInfo|Win32.Build.0 = RelWithDebInfo|Win32
		{8E414949-ED8C-4EA9-A4E6-5CBBB7B170CB}.Debug|Win32.ActiveCfg = Debug|Win32
		{8E414949-ED8C-4EA9-A4E6-5CBBB7B170CB}.Debug|Win32.Build.0 = Debug|Win32
		{8E414949-ED8C-4EA9-A4E6-5CBBB7B170CB}.MinSizeRel|Win32.ActiveCfg = MinSizeRel|Win32
		{8E414949-ED8C-4EA9-A4E6-5CBBB7B170CB}.MinSizeRel|Win32.Build.0 = MinSizeRel|Win32
		{8E414949-ED8C-4EA9-A4E6-5CBBB7B170CB}.Release|Win32.ActiveCfg = Release|Win32
		{8E414949-ED8C-4EA9-A4E6-5CBBB7B170CB}.Release|Win32.Build.0 = Release|Win32
		{8E414949-ED8C-4EA9-A4E6-5CBBB7B170CB}.RelWithDebInfo|Win32.ActiveCfg = RelWithDebInfo|Win32
		{8E414949-ED8C-4EA9-A4E6-5CBBB7B170CB}.RelWithDebInfo|Win32.Build.0 = RelWithDebInfo|Win32
		{23505322-B031-4E56-AB51-BB322C9A7AB3}.Debug|Win32.ActiveCfg = Debug|Win32
		{23505322-B031-4E56-AB51-BB322C9A7AB3}.MinSizeRel|Win32.ActiveCfg = MinSizeRel|Win32
		{23505322-B031-4E56-AB51-BB322C9A7AB3}.MinSizeRel|Win32.Build.0 = MinSizeRel|Win32
		{23505322-B031-4E56-AB51-BB322C9A7AB3}.Release|Win32.ActiveCfg = Release|Win32
		{23505322-B031-4E56-AB51-BB322C9A7AB3}.Release|Win32.Build.0 = Release|Win32
		{23505322-B031-4E56-AB51-BB322C9A7AB3}.RelWithDebInfo|Win32.ActiveCfg = RelWithDebInfo|Win32
		{23505322-B031-4E56-AB51-BB322C9A7AB3}.RelWithDebInfo|Win32.Build.0 = RelWithDebInfo|Win32
		{076D17A4-E3ED-46B0-9E40-28F05871447D}.Debug|Win32.ActiveCfg = Debug|Win32
		{076D17A4-E3ED-46B0-9E40-28F05871447D}.Debug|Win32.Build.0 = Debug|Win32
		{076D17A4-E3ED-46B0-9E40-28F05871447D}.MinSizeRel|Win32.ActiveCfg = Release|Win32
		{076D17A4-E3ED-46B0-9E40-28F05871447D}.MinSizeRel|Win32.Build.0 = Release|Win32
		{076D17A4-E3ED-46B0-9E40-28F05871447D}.Release|Win32.ActiveCfg = Release|Win32
		{076D17A4-E3ED-46B0-9E40-28F05871447D}.Release|Win32.Build.0 = Release|Win32
		{076D17A4-E3ED-46B0-9E40-28F05871447D}.RelWithDebInfo|Win32.ActiveCfg = Release|Win32
		{076D17A4-E3ED-46B0-9E40-28F05871447D}.RelWithDebInfo|Win32.Build.0 = Release|Win32
	EndGlobalSection
	GlobalSection(SolutionProperties) = preSolution
		HideSolutionNode = FALSE
	EndGlobalSection
EndGlobal
