<?xml version="1.0" encoding="utf-8"?>
<Project ToolsVersion="4.0" xmlns="http://schemas.microsoft.com/developer/msbuild/2003">
  <ItemGroup>
    <ClCompile Include="wxModeler.cpp">
      <Filter>Source Files</Filter>
    </ClCompile>
    <ClCompile Include="DisplayWindow.cpp">
      <Filter>Source Files</Filter>
    </ClCompile>
    <ClCompile Include="ParticleTree.cpp">
      <Filter>Source Files</Filter>
    </ClCompile>
    <ClCompile Include="SurfaceTree.cpp">
      <Filter>Source Files</Filter>
    </ClCompile>
    <ClCompile Include="LogFrame.cpp">
      <Filter>Source Files</Filter>
    </ClCompile>
    <ClCompile Include="ClipartFrame.cpp">
      <Filter>Source Files</Filter>
    </ClCompile>
    <ClCompile Include="dcsvg.cpp">
      <Filter>Source Files</Filter>
    </ClCompile>
    <ClCompile Include="SVGshader.cpp">
      <Filter>Source Files</Filter>
    </ClCompile>
  </ItemGroup>
  <ItemGroup>
    <ClInclude Include="wxModeler.h">
      <Filter>Header Files</Filter>
    </ClInclude>
    <ClInclude Include="DisplayWindow.h">
      <Filter>Header Files</Filter>
    </ClInclude>
    <ClInclude Include="ParticleTree.h">
      <Filter>Header Files</Filter>
    </ClInclude>
    <ClInclude Include="SurfaceTree.h">
      <Filter>Header Files</Filter>
    </ClInclude>
    <ClInclude Include="LogFrame.h">
      <Filter>Header Files</Filter>
    </ClInclude>
    <ClInclude Include="ClipartFrame.h">
      <Filter>Header Files</Filter>
    </ClInclude>
    <ClInclude Include="dcsvg.h">
      <Filter>Header Files</Filter>
    </ClInclude>
    <ClInclude Include="SVGshader.h">
      <Filter>Header Files</Filter>
    </ClInclude>
  </ItemGroup>
  <ItemGroup>
  </ItemGroup>
  <ItemGroup>
    <CustomBuild Include="CMakeLists.txt" />
  </ItemGroup>
  <ItemGroup>
    <Filter Include="Source Files">
      <UniqueIdentifier>{7F526409-B7A7-465E-9B66-A9C7A1F2B7C8}</UniqueIdentifier>
    </Filter>
    <Filter Include="Header Files">
      <UniqueIdentifier>{B4EB1CE1-D71B-45C4-91D3-D35E295288E5}</UniqueIdentifier>
    </Filter>
  </ItemGroup>
  <ItemGroup>
    <None Include="wxModeler.cpp">
      <Filter>Source Files</Filter>
    </None>
    <None Include="DisplayWindow.cpp">
      <Filter>Source Files</Filter>
    </None>
    <None Include="ParticleTree.cpp">
      <Filter>Source Files</Filter>
    </None>
    <None Include="SurfaceTree.cpp">
      <Filter>Source Files</Filter>
    </None>
    <None Include="LogFrame.cpp">
      <Filter>Source Files</Filter>
    </None>
    <None Include="ClipartFrame.cpp">
      <Filter>Source Files</Filter>
    </None>
    <None Include="dcsvg.cpp">
      <Filter>Source Files</Filter>
    </None>
    <None Include="SVGshader.cpp">
      <Filter>Source Files</Filter>
    </None>
  </ItemGroup>
</Project>
